
Microsoft Visual Studio Solution File, Format Version 12.00
# Visual Studio Version 17
VisualStudioVersion = 17.0.31612.314
MinimumVisualStudioVersion = 15.0.26124.0
Project("{2150E333-8FDC-42A3-9474-1A3956D46DE8}") = "src", "src", "{FD92DF85-0C9B-4835-BCAD-CA6E720878AB}"
EndProject
Project("{9A19103F-16F7-4668-BE54-9A1E7A4F7556}") = "Dev", "src\Dev\Dev.csproj", "{57A2136E-9065-4743-AB3A-9FEFDC3FD728}"
EndProject
Project("{9A19103F-16F7-4668-BE54-9A1E7A4F7556}") = "Dev.Api", "src\Dev.Api\Dev.Api.csproj", "{C7331B32-16BE-4DEC-B10F-B17780379637}"
EndProject
Project("{9A19103F-16F7-4668-BE54-9A1E7A4F7556}") = "Dev.Api.Framework", "src\Dev.Api.Framework\Dev.Api.Framework.csproj", "{E7818FCA-A069-4B12-9514-8546CA6DE443}"
EndProject
Project("{2150E333-8FDC-42A3-9474-1A3956D46DE8}") = "plugins", "plugins", "{927AF137-E40F-47D4-B421-37D3D5C532D1}"
EndProject
Project("{9A19103F-16F7-4668-BE54-9A1E7A4F7556}") = "Dev.Plugin.Data.EFCore", "src\plugins\Dev.Plugin.Data.EFCore\Dev.Plugin.Data.EFCore.csproj", "{7E8ABE00-D7F3-4F20-B119-22ADAD3319E9}"
EndProject
Project("{9A19103F-16F7-4668-BE54-9A1E7A4F7556}") = "Dev.Plugin.App.Blog", "src\plugins\Dev.Plugin.App.Blog\Dev.Plugin.App.Blog.csproj", "{21BE154C-5C28-4084-A3E7-A279420AAE30}"
EndProject
Project("{9A19103F-16F7-4668-BE54-9A1E7A4F7556}") = "Dev.Plugin.Sys.Auth", "src\plugins\Dev.Plugin.Sys.Auth\Dev.Plugin.Sys.Auth.csproj", "{244D1768-BDC1-4EB8-80C1-51EF6E8EB157}"
EndProject
Project("{FAE04EC0-301F-11D3-BF4B-00C04F79EFBC}") = "Dev.Plugin.App.Shop", "src\plugins\Dev.Plugin.App.Shop\Dev.Plugin.App.Shop.csproj", "{6E1F7386-EDFA-4182-8151-DBB4360E0E93}"
EndProject
Global
	GlobalSection(SolutionConfigurationPlatforms) = preSolution
		Debug|Any CPU = Debug|Any CPU
		Debug|x64 = Debug|x64
		Debug|x86 = Debug|x86
		Release|Any CPU = Release|Any CPU
		Release|x64 = Release|x64
		Release|x86 = Release|x86
	EndGlobalSection
	GlobalSection(ProjectConfigurationPlatforms) = postSolution
		{57A2136E-9065-4743-AB3A-9FEFDC3FD728}.Debug|Any CPU.ActiveCfg = Debug|Any CPU
		{57A2136E-9065-4743-AB3A-9FEFDC3FD728}.Debug|Any CPU.Build.0 = Debug|Any CPU
		{57A2136E-9065-4743-AB3A-9FEFDC3FD728}.Debug|x64.ActiveCfg = Debug|Any CPU
		{57A2136E-9065-4743-AB3A-9FEFDC3FD728}.Debug|x64.Build.0 = Debug|Any CPU
		{57A2136E-9065-4743-AB3A-9FEFDC3FD728}.Debug|x86.ActiveCfg = Debug|Any CPU
		{57A2136E-9065-4743-AB3A-9FEFDC3FD728}.Debug|x86.Build.0 = Debug|Any CPU
		{57A2136E-9065-4743-AB3A-9FEFDC3FD728}.Release|Any CPU.ActiveCfg = Release|Any CPU
		{57A2136E-9065-4743-AB3A-9FEFDC3FD728}.Release|Any CPU.Build.0 = Release|Any CPU
		{57A2136E-9065-4743-AB3A-9FEFDC3FD728}.Release|x64.ActiveCfg = Release|Any CPU
		{57A2136E-9065-4743-AB3A-9FEFDC3FD728}.Release|x64.Build.0 = Release|Any CPU
		{57A2136E-9065-4743-AB3A-9FEFDC3FD728}.Release|x86.ActiveCfg = Release|Any CPU
		{57A2136E-9065-4743-AB3A-9FEFDC3FD728}.Release|x86.Build.0 = Release|Any CPU
		{C7331B32-16BE-4DEC-B10F-B17780379637}.Debug|Any CPU.ActiveCfg = Debug|Any CPU
		{C7331B32-16BE-4DEC-B10F-B17780379637}.Debug|Any CPU.Build.0 = Debug|Any CPU
		{C7331B32-16BE-4DEC-B10F-B17780379637}.Debug|x64.ActiveCfg = Debug|Any CPU
		{C7331B32-16BE-4DEC-B10F-B17780379637}.Debug|x64.Build.0 = Debug|Any CPU
		{C7331B32-16BE-4DEC-B10F-B17780379637}.Debug|x86.ActiveCfg = Debug|Any CPU
		{C7331B32-16BE-4DEC-B10F-B17780379637}.Debug|x86.Build.0 = Debug|Any CPU
		{C7331B32-16BE-4DEC-B10F-B17780379637}.Release|Any CPU.ActiveCfg = Release|Any CPU
		{C7331B32-16BE-4DEC-B10F-B17780379637}.Release|Any CPU.Build.0 = Release|Any CPU
		{C7331B32-16BE-4DEC-B10F-B17780379637}.Release|x64.ActiveCfg = Release|Any CPU
		{C7331B32-16BE-4DEC-B10F-B17780379637}.Release|x64.Build.0 = Release|Any CPU
		{C7331B32-16BE-4DEC-B10F-B17780379637}.Release|x86.ActiveCfg = Release|Any CPU
		{C7331B32-16BE-4DEC-B10F-B17780379637}.Release|x86.Build.0 = Release|Any CPU
		{E7818FCA-A069-4B12-9514-8546CA6DE443}.Debug|Any CPU.ActiveCfg = Debug|Any CPU
		{E7818FCA-A069-4B12-9514-8546CA6DE443}.Debug|Any CPU.Build.0 = Debug|Any CPU
		{E7818FCA-A069-4B12-9514-8546CA6DE443}.Debug|x64.ActiveCfg = Debug|Any CPU
		{E7818FCA-A069-4B12-9514-8546CA6DE443}.Debug|x64.Build.0 = Debug|Any CPU
		{E7818FCA-A069-4B12-9514-8546CA6DE443}.Debug|x86.ActiveCfg = Debug|Any CPU
		{E7818FCA-A069-4B12-9514-8546CA6DE443}.Debug|x86.Build.0 = Debug|Any CPU
		{E7818FCA-A069-4B12-9514-8546CA6DE443}.Release|Any CPU.ActiveCfg = Release|Any CPU
		{E7818FCA-A069-4B12-9514-8546CA6DE443}.Release|Any CPU.Build.0 = Release|Any CPU
		{E7818FCA-A069-4B12-9514-8546CA6DE443}.Release|x64.ActiveCfg = Release|Any CPU
		{E7818FCA-A069-4B12-9514-8546CA6DE443}.Release|x64.Build.0 = Release|Any CPU
		{E7818FCA-A069-4B12-9514-8546CA6DE443}.Release|x86.ActiveCfg = Release|Any CPU
		{E7818FCA-A069-4B12-9514-8546CA6DE443}.Release|x86.Build.0 = Release|Any CPU
		{7E8ABE00-D7F3-4F20-B119-22ADAD3319E9}.Debug|Any CPU.ActiveCfg = Debug|Any CPU
		{7E8ABE00-D7F3-4F20-B119-22ADAD3319E9}.Debug|Any CPU.Build.0 = Debug|Any CPU
		{7E8ABE00-D7F3-4F20-B119-22ADAD3319E9}.Debug|x64.ActiveCfg = Debug|Any CPU
		{7E8ABE00-D7F3-4F20-B119-22ADAD3319E9}.Debug|x64.Build.0 = Debug|Any CPU
		{7E8ABE00-D7F3-4F20-B119-22ADAD3319E9}.Debug|x86.ActiveCfg = Debug|Any CPU
		{7E8ABE00-D7F3-4F20-B119-22ADAD3319E9}.Debug|x86.Build.0 = Debug|Any CPU
		{7E8ABE00-D7F3-4F20-B119-22ADAD3319E9}.Release|Any CPU.ActiveCfg = Release|Any CPU
		{7E8ABE00-D7F3-4F20-B119-22ADAD3319E9}.Release|Any CPU.Build.0 = Release|Any CPU
		{7E8ABE00-D7F3-4F20-B119-22ADAD3319E9}.Release|x64.ActiveCfg = Release|Any CPU
		{7E8ABE00-D7F3-4F20-B119-22ADAD3319E9}.Release|x64.Build.0 = Release|Any CPU
		{7E8ABE00-D7F3-4F20-B119-22ADAD3319E9}.Release|x86.ActiveCfg = Release|Any CPU
		{7E8ABE00-D7F3-4F20-B119-22ADAD3319E9}.Release|x86.Build.0 = Release|Any CPU
		{21BE154C-5C28-4084-A3E7-A279420AAE30}.Debug|Any CPU.ActiveCfg = Debug|Any CPU
		{21BE154C-5C28-4084-A3E7-A279420AAE30}.Debug|Any CPU.Build.0 = Debug|Any CPU
		{21BE154C-5C28-4084-A3E7-A279420AAE30}.Debug|x64.ActiveCfg = Debug|Any CPU
		{21BE154C-5C28-4084-A3E7-A279420AAE30}.Debug|x64.Build.0 = Debug|Any CPU
		{21BE154C-5C28-4084-A3E7-A279420AAE30}.Debug|x86.ActiveCfg = Debug|Any CPU
		{21BE154C-5C28-4084-A3E7-A279420AAE30}.Debug|x86.Build.0 = Debug|Any CPU
		{21BE154C-5C28-4084-A3E7-A279420AAE30}.Release|Any CPU.ActiveCfg = Release|Any CPU
		{21BE154C-5C28-4084-A3E7-A279420AAE30}.Release|Any CPU.Build.0 = Release|Any CPU
		{21BE154C-5C28-4084-A3E7-A279420AAE30}.Release|x64.ActiveCfg = Release|Any CPU
		{21BE154C-5C28-4084-A3E7-A279420AAE30}.Release|x64.Build.0 = Release|Any CPU
		{21BE154C-5C28-4084-A3E7-A279420AAE30}.Release|x86.ActiveCfg = Release|Any CPU
		{21BE154C-5C28-4084-A3E7-A279420AAE30}.Release|x86.Build.0 = Release|Any CPU
		{244D1768-BDC1-4EB8-80C1-51EF6E8EB157}.Debug|Any CPU.ActiveCfg = Debug|Any CPU
		{244D1768-BDC1-4EB8-80C1-51EF6E8EB157}.Debug|Any CPU.Build.0 = Debug|Any CPU
		{244D1768-BDC1-4EB8-80C1-51EF6E8EB157}.Debug|x64.ActiveCfg = Debug|Any CPU
		{244D1768-BDC1-4EB8-80C1-51EF6E8EB157}.Debug|x64.Build.0 = Debug|Any CPU
		{244D1768-BDC1-4EB8-80C1-51EF6E8EB157}.Debug|x86.ActiveCfg = Debug|Any CPU
		{244D1768-BDC1-4EB8-80C1-51EF6E8EB157}.Debug|x86.Build.0 = Debug|Any CPU
		{244D1768-BDC1-4EB8-80C1-51EF6E8EB157}.Release|Any CPU.ActiveCfg = Release|Any CPU
		{244D1768-BDC1-4EB8-80C1-51EF6E8EB157}.Release|Any CPU.Build.0 = Release|Any CPU
		{244D1768-BDC1-4EB8-80C1-51EF6E8EB157}.Release|x64.ActiveCfg = Release|Any CPU
		{244D1768-BDC1-4EB8-80C1-51EF6E8EB157}.Release|x64.Build.0 = Release|Any CPU
		{244D1768-BDC1-4EB8-80C1-51EF6E8EB157}.Release|x86.ActiveCfg = Release|Any CPU
		{244D1768-BDC1-4EB8-80C1-51EF6E8EB157}.Release|x86.Build.0 = Release|Any CPU
		{6E1F7386-EDFA-4182-8151-DBB4360E0E93}.Debug|Any CPU.ActiveCfg = Debug|Any CPU
		{6E1F7386-EDFA-4182-8151-DBB4360E0E93}.Debug|Any CPU.Build.0 = Debug|Any CPU
		{6E1F7386-EDFA-4182-8151-DBB4360E0E93}.Debug|x64.ActiveCfg = Debug|Any CPU
		{6E1F7386-EDFA-4182-8151-DBB4360E0E93}.Debug|x64.Build.0 = Debug|Any CPU
		{6E1F7386-EDFA-4182-8151-DBB4360E0E93}.Debug|x86.ActiveCfg = Debug|Any CPU
		{6E1F7386-EDFA-4182-8151-DBB4360E0E93}.Debug|x86.Build.0 = Debug|Any CPU
		{6E1F7386-EDFA-4182-8151-DBB4360E0E93}.Release|Any CPU.ActiveCfg = Release|Any CPU
		{6E1F7386-EDFA-4182-8151-DBB4360E0E93}.Release|Any CPU.Build.0 = Release|Any CPU
		{6E1F7386-EDFA-4182-8151-DBB4360E0E93}.Release|x64.ActiveCfg = Release|Any CPU
		{6E1F7386-EDFA-4182-8151-DBB4360E0E93}.Release|x64.Build.0 = Release|Any CPU
		{6E1F7386-EDFA-4182-8151-DBB4360E0E93}.Release|x86.ActiveCfg = Release|Any CPU
		{6E1F7386-EDFA-4182-8151-DBB4360E0E93}.Release|x86.Build.0 = Release|Any CPU
	EndGlobalSection
	GlobalSection(SolutionProperties) = preSolution
		HideSolutionNode = FALSE
	EndGlobalSection
	GlobalSection(NestedProjects) = preSolution
		{57A2136E-9065-4743-AB3A-9FEFDC3FD728} = {FD92DF85-0C9B-4835-BCAD-CA6E720878AB}
		{C7331B32-16BE-4DEC-B10F-B17780379637} = {FD92DF85-0C9B-4835-BCAD-CA6E720878AB}
		{E7818FCA-A069-4B12-9514-8546CA6DE443} = {FD92DF85-0C9B-4835-BCAD-CA6E720878AB}
		{927AF137-E40F-47D4-B421-37D3D5C532D1} = {FD92DF85-0C9B-4835-BCAD-CA6E720878AB}
		{7E8ABE00-D7F3-4F20-B119-22ADAD3319E9} = {927AF137-E40F-47D4-B421-37D3D5C532D1}
		{21BE154C-5C28-4084-A3E7-A279420AAE30} = {927AF137-E40F-47D4-B421-37D3D5C532D1}
		{244D1768-BDC1-4EB8-80C1-51EF6E8EB157} = {927AF137-E40F-47D4-B421-37D3D5C532D1}
		{6E1F7386-EDFA-4182-8151-DBB4360E0E93} = {927AF137-E40F-47D4-B421-37D3D5C532D1}
	EndGlobalSection
	GlobalSection(ExtensibilityGlobals) = postSolution
		SolutionGuid = {2614FAFC-326F-42E7-ABA3-D1E77EF1CB77}
	EndGlobalSection
EndGlobal
